
Microsoft Visual Studio Solution File, Format Version 12.00
# Visual Studio Version 16
VisualStudioVersion = 16.0.31729.503
MinimumVisualStudioVersion = 10.0.40219.1
Project("{FAE04EC0-301F-11D3-BF4B-00C04F79EFBC}") = "Mail_and_Phone_Book_Registration_Module", "Mail_and_Phone_Book_Registration_Module\Mail_and_Phone_Book_Registration_Module.csproj", "{2DB74BC0-66AE-4FFD-BEC9-734E58E83FD5}"
EndProject
Global
	GlobalSection(SolutionConfigurationPlatforms) = preSolution
		Debug|Any CPU = Debug|Any CPU
		Release|Any CPU = Release|Any CPU
	EndGlobalSection
	GlobalSection(ProjectConfigurationPlatforms) = postSolution
		{2DB74BC0-66AE-4FFD-BEC9-734E58E83FD5}.Debug|Any CPU.ActiveCfg = Debug|Any CPU
		{2DB74BC0-66AE-4FFD-BEC9-734E58E83FD5}.Debug|Any CPU.Build.0 = Debug|Any CPU
		{2DB74BC0-66AE-4FFD-BEC9-734E58E83FD5}.Release|Any CPU.ActiveCfg = Release|Any CPU
		{2DB74BC0-66AE-4FFD-BEC9-734E58E83FD5}.Release|Any CPU.Build.0 = Release|Any CPU
	EndGlobalSection
	GlobalSection(SolutionProperties) = preSolution
		HideSolutionNode = FALSE
	EndGlobalSection
	GlobalSection(ExtensibilityGlobals) = postSolution
		SolutionGuid = {116E4D20-0BE3-4403-A7CD-CBBE118621E3}
	EndGlobalSection
EndGlobal
